
Microsoft Visual Studio Solution File, Format Version 12.00
# Visual Studio Version 17
VisualStudioVersion = 17.5.33530.505
MinimumVisualStudioVersion = 10.0.40219.1
Project("{9A19103F-16F7-4668-BE54-9A1E7A4F7556}") = "ActiveDirectoryReplication.App", "ActiveDirectoryReplication\ActiveDirectoryReplication.App.csproj", "{656DFA45-2056-4EA9-AC15-BC8ACC2D818B}"
EndProject
Project("{9A19103F-16F7-4668-BE54-9A1E7A4F7556}") = "ActiveDirectorySearcher", "ActiveDirectorySearcher\ActiveDirectorySearcher.csproj", "{EFB04B41-8598-4AFC-AF43-89394C958B96}"
EndProject
Global
	GlobalSection(SolutionConfigurationPlatforms) = preSolution
		Debug|Any CPU = Debug|Any CPU
		Release|Any CPU = Release|Any CPU
	EndGlobalSection
	GlobalSection(ProjectConfigurationPlatforms) = postSolution
		{656DFA45-2056-4EA9-AC15-BC8ACC2D818B}.Debug|Any CPU.ActiveCfg = Debug|Any CPU
		{656DFA45-2056-4EA9-AC15-BC8ACC2D818B}.Debug|Any CPU.Build.0 = Debug|Any CPU
		{656DFA45-2056-4EA9-AC15-BC8ACC2D818B}.Release|Any CPU.ActiveCfg = Release|Any CPU
		{656DFA45-2056-4EA9-AC15-BC8ACC2D818B}.Release|Any CPU.Build.0 = Release|Any CPU
		{EFB04B41-8598-4AFC-AF43-89394C958B96}.Debug|Any CPU.ActiveCfg = Debug|Any CPU
		{EFB04B41-8598-4AFC-AF43-89394C958B96}.Debug|Any CPU.Build.0 = Debug|Any CPU
		{EFB04B41-8598-4AFC-AF43-89394C958B96}.Release|Any CPU.ActiveCfg = Release|Any CPU
		{EFB04B41-8598-4AFC-AF43-89394C958B96}.Release|Any CPU.Build.0 = Release|Any CPU
	EndGlobalSection
	GlobalSection(SolutionProperties) = preSolution
		HideSolutionNode = FALSE
	EndGlobalSection
	GlobalSection(ExtensibilityGlobals) = postSolution
		SolutionGuid = {1BF5B85C-C3AA-4C6F-ABB4-A75562785C3F}
	EndGlobalSection
EndGlobal
